// !$*UTF8*$!
{
	archiveVersion = 1;
	classes = {
	};
	objectVersion = 55;
	objects = {

/* Begin PBXBuildFile section */
		F4686DC9280047E300756BE1 /* AppDelegate.swift in Sources */ = {isa = PBXBuildFile; fileRef = F4686DC8280047E300756BE1 /* AppDelegate.swift */; };
		F4686DCB280047E300756BE1 /* SceneDelegate.swift in Sources */ = {isa = PBXBuildFile; fileRef = F4686DCA280047E300756BE1 /* SceneDelegate.swift */; };
		F4686DCD280047E300756BE1 /* ViewController.swift in Sources */ = {isa = PBXBuildFile; fileRef = F4686DCC280047E300756BE1 /* ViewController.swift */; };
		F4686DD0280047E300756BE1 /* Main.storyboard in Resources */ = {isa = PBXBuildFile; fileRef = F4686DCE280047E300756BE1 /* Main.storyboard */; };
		F4686DD2280047E500756BE1 /* Assets.xcassets in Resources */ = {isa = PBXBuildFile; fileRef = F4686DD1280047E500756BE1 /* Assets.xcassets */; };
		F4686DD5280047E500756BE1 /* LaunchScreen.storyboard in Resources */ = {isa = PBXBuildFile; fileRef = F4686DD3280047E500756BE1 /* LaunchScreen.storyboard */; };
		F4686DE12800495100756BE1 /* CollectionViewCell.swift in Sources */ = {isa = PBXBuildFile; fileRef = F4686DDF2800495100756BE1 /* CollectionViewCell.swift */; };
		F4686DE22800495100756BE1 /* CollectionViewCell.xib in Resources */ = {isa = PBXBuildFile; fileRef = F4686DE02800495100756BE1 /* CollectionViewCell.xib */; };
		F4686DE428004C9100756BE1 /* CollectionFlowLayout.swift in Sources */ = {isa = PBXBuildFile; fileRef = F4686DE328004C9100756BE1 /* CollectionFlowLayout.swift */; };
/* End PBXBuildFile section */

/* Begin PBXFileReference section */
		F4686DC5280047E300756BE1 /* CollectionViewFlowLayout.app */ = {isa = PBXFileReference; explicitFileType = wrapper.application; includeInIndex = 0; path = CollectionViewFlowLayout.app; sourceTree = BUILT_PRODUCTS_DIR; };
		F4686DC8280047E300756BE1 /* AppDelegate.swift */ = {isa = PBXFileReference; lastKnownFileType = sourcecode.swift; path = AppDelegate.swift; sourceTree = "<group>"; };
		F4686DCA280047E300756BE1 /* SceneDelegate.swift */ = {isa = PBXFileReference; lastKnownFileType = sourcecode.swift; path = SceneDelegate.swift; sourceTree = "<group>"; };
		F4686DCC280047E300756BE1 /* ViewController.swift */ = {isa = PBXFileReference; lastKnownFileType = sourcecode.swift; path = ViewController.swift; sourceTree = "<group>"; };
		F4686DCF280047E300756BE1 /* Base */ = {isa = PBXFileReference; lastKnownFileType = file.storyboard; name = Base; path = Base.lproj/Main.storyboard; sourceTree = "<group>"; };
		F4686DD1280047E500756BE1 /* Assets.xcassets */ = {isa = PBXFileReference; lastKnownFileType = folder.assetcatalog; path = Assets.xcassets; sourceTree = "<group>"; };
		F4686DD4280047E500756BE1 /* Base */ = {isa = PBXFileReference; lastKnownFileType = file.storyboard; name = Base; path = Base.lproj/LaunchScreen.storyboard; sourceTree = "<group>"; };
		F4686DD6280047E500756BE1 /* Info.plist */ = {isa = PBXFileReference; lastKnownFileType = text.plist.xml; path = Info.plist; sourceTree = "<group>"; };
		F4686DDF2800495100756BE1 /* CollectionViewCell.swift */ = {isa = PBXFileReference; lastKnownFileType = sourcecode.swift; path = CollectionViewCell.swift; sourceTree = "<group>"; };
		F4686DE02800495100756BE1 /* CollectionViewCell.xib */ = {isa = PBXFileReference; lastKnownFileType = file.xib; path = CollectionViewCell.xib; sourceTree = "<group>"; };
		F4686DE328004C9100756BE1 /* CollectionFlowLayout.swift */ = {isa = PBXFileReference; lastKnownFileType = sourcecode.swift; name = CollectionFlowLayout.swift; path = Controllers/CollectionFlowLayout.swift; sourceTree = "<group>"; };
/* End PBXFileReference section */

/* Begin PBXFrameworksBuildPhase section */
		F4686DC2280047E300756BE1 /* Frameworks */ = {
			isa = PBXFrameworksBuildPhase;
			buildActionMask = 2147483647;
			files = (
			);
			runOnlyForDeploymentPostprocessing = 0;
		};
/* End PBXFrameworksBuildPhase section */

/* Begin PBXGroup section */
		F4686DBC280047E300756BE1 = {
			isa = PBXGroup;
			children = (
				F4686DC7280047E300756BE1 /* CollectionViewFlowLayout */,
				F4686DC6280047E300756BE1 /* Products */,
			);
			sourceTree = "<group>";
		};
		F4686DC6280047E300756BE1 /* Products */ = {
			isa = PBXGroup;
			children = (
				F4686DC5280047E300756BE1 /* CollectionViewFlowLayout.app */,
			);
			name = Products;
			sourceTree = "<group>";
		};
		F4686DC7280047E300756BE1 /* CollectionViewFlowLayout */ = {
			isa = PBXGroup;
			children = (
				F4686DDE280047F600756BE1 /* Supporting Files */,
				F4686DDD280047F100756BE1 /* Controllers */,
				F4686DDC280047EB00756BE1 /* Views */,
				F4686DD6280047E500756BE1 /* Info.plist */,
				F4686DE328004C9100756BE1 /* CollectionFlowLayout.swift */,
			);
			path = CollectionViewFlowLayout;
			sourceTree = "<group>";
		};
		F4686DDC280047EB00756BE1 /* Views */ = {
			isa = PBXGroup;
			children = (
				F4686DCE280047E300756BE1 /* Main.storyboard */,
				F4686DD3280047E500756BE1 /* LaunchScreen.storyboard */,
			);
			path = Views;
			sourceTree = "<group>";
		};
		F4686DDD280047F100756BE1 /* Controllers */ = {
			isa = PBXGroup;
			children = (
				F4686DCC280047E300756BE1 /* ViewController.swift */,
				F4686DDF2800495100756BE1 /* CollectionViewCell.swift */,
				F4686DE02800495100756BE1 /* CollectionViewCell.xib */,
			);
			path = Controllers;
			sourceTree = "<group>";
		};
		F4686DDE280047F600756BE1 /* Supporting Files */ = {
			isa = PBXGroup;
			children = (
				F4686DC8280047E300756BE1 /* AppDelegate.swift */,
				F4686DD1280047E500756BE1 /* Assets.xcassets */,
				F4686DCA280047E300756BE1 /* SceneDelegate.swift */,
			);
			path = "Supporting Files";
			sourceTree = "<group>";
		};
/* End PBXGroup section */

/* Begin PBXNativeTarget section */
		F4686DC4280047E300756BE1 /* CollectionViewFlowLayout */ = {
			isa = PBXNativeTarget;
			buildConfigurationList = F4686DD9280047E500756BE1 /* Build configuration list for PBXNativeTarget "CollectionViewFlowLayout" */;
			buildPhases = (
				F4686DC1280047E300756BE1 /* Sources */,
				F4686DC2280047E300756BE1 /* Frameworks */,
				F4686DC3280047E300756BE1 /* Resources */,
			);
			buildRules = (
			);
			dependencies = (
			);
			name = CollectionViewFlowLayout;
			productName = CollectionViewFlowLayout;
			productReference = F4686DC5280047E300756BE1 /* CollectionViewFlowLayout.app */;
			productType = "com.apple.product-type.application";
		};
/* End PBXNativeTarget section */

/* Begin PBXProject section */
		F4686DBD280047E300756BE1 /* Project object */ = {
			isa = PBXProject;
			attributes = {
				BuildIndependentTargetsInParallel = 1;
				LastSwiftUpdateCheck = 1330;
				LastUpgradeCheck = 1330;
				TargetAttributes = {
					F4686DC4280047E300756BE1 = {
						CreatedOnToolsVersion = 13.3;
					};
				};
			};
			buildConfigurationList = F4686DC0280047E300756BE1 /* Build configuration list for PBXProject "CollectionViewFlowLayout" */;
			compatibilityVersion = "Xcode 13.0";
			developmentRegion = en;
			hasScannedForEncodings = 0;
			knownRegions = (
				en,
				Base,
			);
			mainGroup = F4686DBC280047E300756BE1;
			productRefGroup = F4686DC6280047E300756BE1 /* Products */;
			projectDirPath = "";
			projectRoot = "";
			targets = (
				F4686DC4280047E300756BE1 /* CollectionViewFlowLayout */,
			);
		};
/* End PBXProject section */

/* Begin PBXResourcesBuildPhase section */
		F4686DC3280047E300756BE1 /* Resources */ = {
			isa = PBXResourcesBuildPhase;
			buildActionMask = 2147483647;
			files = (
				F4686DD5280047E500756BE1 /* LaunchScreen.storyboard in Resources */,
				F4686DD2280047E500756BE1 /* Assets.xcassets in Resources */,
				F4686DE22800495100756BE1 /* CollectionViewCell.xib in Resources */,
				F4686DD0280047E300756BE1 /* Main.storyboard in Resources */,
			);
			runOnlyForDeploymentPostprocessing = 0;
		};
/* End PBXResourcesBuildPhase section */

/* Begin PBXSourcesBuildPhase section */
		F4686DC1280047E300756BE1 /* Sources */ = {
			isa = PBXSourcesBuildPhase;
			buildActionMask = 2147483647;
			files = (
				F4686DCD280047E300756BE1 /* ViewController.swift in Sources */,
				F4686DC9280047E300756BE1 /* AppDelegate.swift in Sources */,
				F4686DE12800495100756BE1 /* CollectionViewCell.swift in Sources */,
				F4686DCB280047E300756BE1 /* SceneDelegate.swift in Sources */,
				F4686DE428004C9100756BE1 /* CollectionFlowLayout.swift in Sources */,
			);
			runOnlyForDeploymentPostprocessing = 0;
		};
/* End PBXSourcesBuildPhase section */

/* Begin PBXVariantGroup section */
		F4686DCE280047E300756BE1 /* Main.storyboard */ = {
			isa = PBXVariantGroup;
			children = (
				F4686DCF280047E300756BE1 /* Base */,
			);
			name = Main.storyboard;
			sourceTree = "<group>";
		};
		F4686DD3280047E500756BE1 /* LaunchScreen.storyboard */ = {
			isa = PBXVariantGroup;
			children = (
				F4686DD4280047E500756BE1 /* Base */,
			);
			name = LaunchScreen.storyboard;
			sourceTree = "<group>";
		};
/* End PBXVariantGroup section */

/* Begin XCBuildConfiguration section */
		F4686DD7280047E500756BE1 /* Debug */ = {
			isa = XCBuildConfiguration;
			buildSettings = {
				ALWAYS_SEARCH_USER_PATHS = NO;
				CLANG_ANALYZER_NONNULL = YES;
				CLANG_ANALYZER_NUMBER_OBJECT_CONVERSION = YES_AGGRESSIVE;
				CLANG_CXX_LANGUAGE_STANDARD = "gnu++17";
				CLANG_ENABLE_MODULES = YES;
				CLANG_ENABLE_OBJC_ARC = YES;
				CLANG_ENABLE_OBJC_WEAK = YES;
				CLANG_WARN_BLOCK_CAPTURE_AUTORELEASING = YES;
				CLANG_WARN_BOOL_CONVERSION = YES;
				CLANG_WARN_COMMA = YES;
				CLANG_WARN_CONSTANT_CONVERSION = YES;
				CLANG_WARN_DEPRECATED_OBJC_IMPLEMENTATIONS = YES;
				CLANG_WARN_DIRECT_OBJC_ISA_USAGE = YES_ERROR;
				CLANG_WARN_DOCUMENTATION_COMMENTS = YES;
				CLANG_WARN_EMPTY_BODY = YES;
				CLANG_WARN_ENUM_CONVERSION = YES;
				CLANG_WARN_INFINITE_RECURSION = YES;
				CLANG_WARN_INT_CONVERSION = YES;
				CLANG_WARN_NON_LITERAL_NULL_CONVERSION = YES;
				CLANG_WARN_OBJC_IMPLICIT_RETAIN_SELF = YES;
				CLANG_WARN_OBJC_LITERAL_CONVERSION = YES;
				CLANG_WARN_OBJC_ROOT_CLASS = YES_ERROR;
				CLANG_WARN_QUOTED_INCLUDE_IN_FRAMEWORK_HEADER = YES;
				CLANG_WARN_RANGE_LOOP_ANALYSIS = YES;
				CLANG_WARN_STRICT_PROTOTYPES = YES;
				CLANG_WARN_SUSPICIOUS_MOVE = YES;
				CLANG_WARN_UNGUARDED_AVAILABILITY = YES_AGGRESSIVE;
				CLANG_WARN_UNREACHABLE_CODE = YES;
				CLANG_WARN__DUPLICATE_METHOD_MATCH = YES;
				COPY_PHASE_STRIP = NO;
				DEBUG_INFORMATION_FORMAT = dwarf;
				ENABLE_STRICT_OBJC_MSGSEND = YES;
				ENABLE_TESTABILITY = YES;
				GCC_C_LANGUAGE_STANDARD = gnu11;
				GCC_DYNAMIC_NO_PIC = NO;
				GCC_NO_COMMON_BLOCKS = YES;
				GCC_OPTIMIZATION_LEVEL = 0;
				GCC_PREPROCESSOR_DEFINITIONS = (
					"DEBUG=1",
					"$(inherited)",
				);
				GCC_WARN_64_TO_32_BIT_CONVERSION = YES;
				GCC_WARN_ABOUT_RETURN_TYPE = YES_ERROR;
				GCC_WARN_UNDECLARED_SELECTOR = YES;
				GCC_WARN_UNINITIALIZED_AUTOS = YES_AGGRESSIVE;
				GCC_WARN_UNUSED_FUNCTION = YES;
				GCC_WARN_UNUSED_VARIABLE = YES;
				IPHONEOS_DEPLOYMENT_TARGET = 15.4;
				MTL_ENABLE_DEBUG_INFO = INCLUDE_SOURCE;
				MTL_FAST_MATH = YES;
				ONLY_ACTIVE_ARCH = YES;
				SDKROOT = iphoneos;
				SWIFT_ACTIVE_COMPILATION_CONDITIONS = DEBUG;
				SWIFT_OPTIMIZATION_LEVEL = "-Onone";
			};
			name = Debug;
		};
		F4686DD8280047E500756BE1 /* Release */ = {
			isa = XCBuildConfiguration;
			buildSettings = {
				ALWAYS_SEARCH_USER_PATHS = NO;
				CLANG_ANALYZER_NONNULL = YES;
				CLANG_ANALYZER_NUMBER_OBJECT_CONVERSION = YES_AGGRESSIVE;
				CLANG_CXX_LANGUAGE_STANDARD = "gnu++17";
				CLANG_ENABLE_MODULES = YES;
				CLANG_ENABLE_OBJC_ARC = YES;
				CLANG_ENABLE_OBJC_WEAK = YES;
				CLANG_WARN_BLOCK_CAPTURE_AUTORELEASING = YES;
				CLANG_WARN_BOOL_CONVERSION = YES;
				CLANG_WARN_COMMA = YES;
				CLANG_WARN_CONSTANT_CONVERSION = YES;
				CLANG_WARN_DEPRECATED_OBJC_IMPLEMENTATIONS = YES;
				CLANG_WARN_DIRECT_OBJC_ISA_USAGE = YES_ERROR;
				CLANG_WARN_DOCUMENTATION_COMMENTS = YES;
				CLANG_WARN_EMPTY_BODY = YES;
				CLANG_WARN_ENUM_CONVERSION = YES;
				CLANG_WARN_INFINITE_RECURSION = YES;
				CLANG_WARN_INT_CONVERSION = YES;
				CLANG_WARN_NON_LITERAL_NULL_CONVERSION = YES;
				CLANG_WARN_OBJC_IMPLICIT_RETAIN_SELF = YES;
				CLANG_WARN_OBJC_LITERAL_CONVERSION = YES;
				CLANG_WARN_OBJC_ROOT_CLASS = YES_ERROR;
				CLANG_WARN_QUOTED_INCLUDE_IN_FRAMEWORK_HEADER = YES;
				CLANG_WARN_RANGE_LOOP_ANALYSIS = YES;
				CLANG_WARN_STRICT_PROTOTYPES = YES;
				CLANG_WARN_SUSPICIOUS_MOVE = YES;
				CLANG_WARN_UNGUARDED_AVAILABILITY = YES_AGGRESSIVE;
				CLANG_WARN_UNREACHABLE_CODE = YES;
				CLANG_WARN__DUPLICATE_METHOD_MATCH = YES;
				COPY_PHASE_STRIP = NO;
				DEBUG_INFORMATION_FORMAT = "dwarf-with-dsym";
				ENABLE_NS_ASSERTIONS = NO;
				ENABLE_STRICT_OBJC_MSGSEND = YES;
				GCC_C_LANGUAGE_STANDARD = gnu11;
				GCC_NO_COMMON_BLOCKS = YES;
				GCC_WARN_64_TO_32_BIT_CONVERSION = YES;
				GCC_WARN_ABOUT_RETURN_TYPE = YES_ERROR;
				GCC_WARN_UNDECLARED_SELECTOR = YES;
				GCC_WARN_UNINITIALIZED_AUTOS = YES_AGGRESSIVE;
				GCC_WARN_UNUSED_FUNCTION = YES;
				GCC_WARN_UNUSED_VARIABLE = YES;
				IPHONEOS_DEPLOYMENT_TARGET = 15.4;
				MTL_ENABLE_DEBUG_INFO = NO;
				MTL_FAST_MATH = YES;
				SDKROOT = iphoneos;
				SWIFT_COMPILATION_MODE = wholemodule;
				SWIFT_OPTIMIZATION_LEVEL = "-O";
				VALIDATE_PRODUCT = YES;
			};
			name = Release;
		};
		F4686DDA280047E500756BE1 /* Debug */ = {
			isa = XCBuildConfiguration;
			buildSettings = {
				ASSETCATALOG_COMPILER_APPICON_NAME = AppIcon;
				ASSETCATALOG_COMPILER_GLOBAL_ACCENT_COLOR_NAME = AccentColor;
				CODE_SIGN_STYLE = Automatic;
				CURRENT_PROJECT_VERSION = 1;
				DEVELOPMENT_TEAM = 3F2Y7B7Z54;
				GENERATE_INFOPLIST_FILE = YES;
				INFOPLIST_FILE = CollectionViewFlowLayout/Info.plist;
				INFOPLIST_KEY_UIApplicationSupportsIndirectInputEvents = YES;
				INFOPLIST_KEY_UILaunchStoryboardName = LaunchScreen;
				INFOPLIST_KEY_UIMainStoryboardFile = Main;
				INFOPLIST_KEY_UISupportedInterfaceOrientations_iPad = "UIInterfaceOrientationPortrait UIInterfaceOrientationPortraitUpsideDown UIInterfaceOrientationLandscapeLeft UIInterfaceOrientationLandscapeRight";
				INFOPLIST_KEY_UISupportedInterfaceOrientations_iPhone = "UIInterfaceOrientationPortrait UIInterfaceOrientationLandscapeLeft UIInterfaceOrientationLandscapeRight";
				LD_RUNPATH_SEARCH_PATHS = (
					"$(inherited)",
					"@executable_path/Frameworks",
				);
				MARKETING_VERSION = 1.0;
				PRODUCT_BUNDLE_IDENTIFIER = com.TurkcellGeleceginYazarlari.CollectionViewFlowLayout;
				PRODUCT_NAME = "$(TARGET_NAME)";
				SWIFT_EMIT_LOC_STRINGS = YES;
				SWIFT_VERSION = 5.0;
				TARGETED_DEVICE_FAMILY = "1,2";
			};
			name = Debug;
		};
		F4686DDB280047E500756BE1 /* Release */ = {
			isa = XCBuildConfiguration;
			buildSettings = {
				ASSETCATALOG_COMPILER_APPICON_NAME = AppIcon;
				ASSETCATALOG_COMPILER_GLOBAL_ACCENT_COLOR_NAME = AccentColor;
				CODE_SIGN_STYLE = Automatic;
				CURRENT_PROJECT_VERSION = 1;
				DEVELOPMENT_TEAM = 3F2Y7B7Z54;
				GENERATE_INFOPLIST_FILE = YES;
				INFOPLIST_FILE = CollectionViewFlowLayout/Info.plist;
				INFOPLIST_KEY_UIApplicationSupportsIndirectInputEvents = YES;
				INFOPLIST_KEY_UILaunchStoryboardName = LaunchScreen;
				INFOPLIST_KEY_UIMainStoryboardFile = Main;
				INFOPLIST_KEY_UISupportedInterfaceOrientations_iPad = "UIInterfaceOrientationPortrait UIInterfaceOrientationPortraitUpsideDown UIInterfaceOrientationLandscapeLeft UIInterfaceOrientationLandscapeRight";
				INFOPLIST_KEY_UISupportedInterfaceOrientations_iPhone = "UIInterfaceOrientationPortrait UIInterfaceOrientationLandscapeLeft UIInterfaceOrientationLandscapeRight";
				LD_RUNPATH_SEARCH_PATHS = (
					"$(inherited)",
					"@executable_path/Frameworks",
				);
				MARKETING_VERSION = 1.0;
				PRODUCT_BUNDLE_IDENTIFIER = com.TurkcellGeleceginYazarlari.CollectionViewFlowLayout;
				PRODUCT_NAME = "$(TARGET_NAME)";
				SWIFT_EMIT_LOC_STRINGS = YES;
				SWIFT_VERSION = 5.0;
				TARGETED_DEVICE_FAMILY = "1,2";
			};
			name = Release;
		};
/* End XCBuildConfiguration section */

/* Begin XCConfigurationList section */
		F4686DC0280047E300756BE1 /* Build configuration list for PBXProject "CollectionViewFlowLayout" */ = {
			isa = XCConfigurationList;
			buildConfigurations = (
				F4686DD7280047E500756BE1 /* Debug */,
				F4686DD8280047E500756BE1 /* Release */,
			);
			defaultConfigurationIsVisible = 0;
			defaultConfigurationName = Release;
		};
		F4686DD9280047E500756BE1 /* Build configuration list for PBXNativeTarget "CollectionViewFlowLayout" */ = {
			isa = XCConfigurationList;
			buildConfigurations = (
				F4686DDA280047E500756BE1 /* Debug */,
				F4686DDB280047E500756BE1 /* Release */,
			);
			defaultConfigurationIsVisible = 0;
			defaultConfigurationName = Release;
		};
/* End XCConfigurationList section */
	};
	rootObject = F4686DBD280047E300756BE1 /* Project object */;
}
