// !$*UTF8*$!
{
	archiveVersion = 1;
	classes = {
	};
	objectVersion = 55;
	objects = {

/* Begin PBXBuildFile section */
		C9FF5C220174562B74AAE60D /* Pods_CocoaPodsOrnek.framework in Frameworks */ = {isa = PBXBuildFile; fileRef = A7E6BF82576E058098B0D01E /* Pods_CocoaPodsOrnek.framework */; };
		F4C86DA72805C93D0062E711 /* AppDelegate.swift in Sources */ = {isa = PBXBuildFile; fileRef = F4C86DA62805C93D0062E711 /* AppDelegate.swift */; };
		F4C86DA92805C93D0062E711 /* SceneDelegate.swift in Sources */ = {isa = PBXBuildFile; fileRef = F4C86DA82805C93D0062E711 /* SceneDelegate.swift */; };
		F4C86DAB2805C93D0062E711 /* ViewController.swift in Sources */ = {isa = PBXBuildFile; fileRef = F4C86DAA2805C93D0062E711 /* ViewController.swift */; };
		F4C86DAE2805C93D0062E711 /* Main.storyboard in Resources */ = {isa = PBXBuildFile; fileRef = F4C86DAC2805C93D0062E711 /* Main.storyboard */; };
		F4C86DB02805C9410062E711 /* Assets.xcassets in Resources */ = {isa = PBXBuildFile; fileRef = F4C86DAF2805C9410062E711 /* Assets.xcassets */; };
		F4C86DB32805C9410062E711 /* LaunchScreen.storyboard in Resources */ = {isa = PBXBuildFile; fileRef = F4C86DB12805C9410062E711 /* LaunchScreen.storyboard */; };
/* End PBXBuildFile section */

/* Begin PBXFileReference section */
		3A79BFC0644B139FD3173A89 /* Pods-CocoaPodsOrnek.debug.xcconfig */ = {isa = PBXFileReference; includeInIndex = 1; lastKnownFileType = text.xcconfig; name = "Pods-CocoaPodsOrnek.debug.xcconfig"; path = "Target Support Files/Pods-CocoaPodsOrnek/Pods-CocoaPodsOrnek.debug.xcconfig"; sourceTree = "<group>"; };
		A11CC259875621EF9BD9CE69 /* Pods-CocoaPodsOrnek.release.xcconfig */ = {isa = PBXFileReference; includeInIndex = 1; lastKnownFileType = text.xcconfig; name = "Pods-CocoaPodsOrnek.release.xcconfig"; path = "Target Support Files/Pods-CocoaPodsOrnek/Pods-CocoaPodsOrnek.release.xcconfig"; sourceTree = "<group>"; };
		A7E6BF82576E058098B0D01E /* Pods_CocoaPodsOrnek.framework */ = {isa = PBXFileReference; explicitFileType = wrapper.framework; includeInIndex = 0; path = Pods_CocoaPodsOrnek.framework; sourceTree = BUILT_PRODUCTS_DIR; };
		F4C86DA32805C93D0062E711 /* CocoaPodsOrnek.app */ = {isa = PBXFileReference; explicitFileType = wrapper.application; includeInIndex = 0; path = CocoaPodsOrnek.app; sourceTree = BUILT_PRODUCTS_DIR; };
		F4C86DA62805C93D0062E711 /* AppDelegate.swift */ = {isa = PBXFileReference; lastKnownFileType = sourcecode.swift; path = AppDelegate.swift; sourceTree = "<group>"; };
		F4C86DA82805C93D0062E711 /* SceneDelegate.swift */ = {isa = PBXFileReference; lastKnownFileType = sourcecode.swift; path = SceneDelegate.swift; sourceTree = "<group>"; };
		F4C86DAA2805C93D0062E711 /* ViewController.swift */ = {isa = PBXFileReference; lastKnownFileType = sourcecode.swift; path = ViewController.swift; sourceTree = "<group>"; };
		F4C86DAD2805C93D0062E711 /* Base */ = {isa = PBXFileReference; lastKnownFileType = file.storyboard; name = Base; path = Base.lproj/Main.storyboard; sourceTree = "<group>"; };
		F4C86DAF2805C9410062E711 /* Assets.xcassets */ = {isa = PBXFileReference; lastKnownFileType = folder.assetcatalog; path = Assets.xcassets; sourceTree = "<group>"; };
		F4C86DB22805C9410062E711 /* Base */ = {isa = PBXFileReference; lastKnownFileType = file.storyboard; name = Base; path = Base.lproj/LaunchScreen.storyboard; sourceTree = "<group>"; };
		F4C86DB42805C9410062E711 /* Info.plist */ = {isa = PBXFileReference; lastKnownFileType = text.plist.xml; path = Info.plist; sourceTree = "<group>"; };
/* End PBXFileReference section */

/* Begin PBXFrameworksBuildPhase section */
		F4C86DA02805C93D0062E711 /* Frameworks */ = {
			isa = PBXFrameworksBuildPhase;
			buildActionMask = 2147483647;
			files = (
				C9FF5C220174562B74AAE60D /* Pods_CocoaPodsOrnek.framework in Frameworks */,
			);
			runOnlyForDeploymentPostprocessing = 0;
		};
/* End PBXFrameworksBuildPhase section */

/* Begin PBXGroup section */
		B0BCE50B19D8E15A841D35AC /* Pods */ = {
			isa = PBXGroup;
			children = (
				3A79BFC0644B139FD3173A89 /* Pods-CocoaPodsOrnek.debug.xcconfig */,
				A11CC259875621EF9BD9CE69 /* Pods-CocoaPodsOrnek.release.xcconfig */,
			);
			name = Pods;
			path = Pods;
			sourceTree = "<group>";
		};
		CF2A2C423EDBF649F2208DD2 /* Frameworks */ = {
			isa = PBXGroup;
			children = (
				A7E6BF82576E058098B0D01E /* Pods_CocoaPodsOrnek.framework */,
			);
			name = Frameworks;
			sourceTree = "<group>";
		};
		F4C86D9A2805C93D0062E711 = {
			isa = PBXGroup;
			children = (
				F4C86DA52805C93D0062E711 /* CocoaPodsOrnek */,
				F4C86DA42805C93D0062E711 /* Products */,
				B0BCE50B19D8E15A841D35AC /* Pods */,
				CF2A2C423EDBF649F2208DD2 /* Frameworks */,
			);
			sourceTree = "<group>";
		};
		F4C86DA42805C93D0062E711 /* Products */ = {
			isa = PBXGroup;
			children = (
				F4C86DA32805C93D0062E711 /* CocoaPodsOrnek.app */,
			);
			name = Products;
			sourceTree = "<group>";
		};
		F4C86DA52805C93D0062E711 /* CocoaPodsOrnek */ = {
			isa = PBXGroup;
			children = (
				F4C86DA62805C93D0062E711 /* AppDelegate.swift */,
				F4C86DA82805C93D0062E711 /* SceneDelegate.swift */,
				F4C86DAA2805C93D0062E711 /* ViewController.swift */,
				F4C86DAC2805C93D0062E711 /* Main.storyboard */,
				F4C86DAF2805C9410062E711 /* Assets.xcassets */,
				F4C86DB12805C9410062E711 /* LaunchScreen.storyboard */,
				F4C86DB42805C9410062E711 /* Info.plist */,
			);
			path = CocoaPodsOrnek;
			sourceTree = "<group>";
		};
/* End PBXGroup section */

/* Begin PBXNativeTarget section */
		F4C86DA22805C93D0062E711 /* CocoaPodsOrnek */ = {
			isa = PBXNativeTarget;
			buildConfigurationList = F4C86DB72805C9410062E711 /* Build configuration list for PBXNativeTarget "CocoaPodsOrnek" */;
			buildPhases = (
				3A6DD9860DE9BFA2C14B4B9F /* [CP] Check Pods Manifest.lock */,
				F4C86D9F2805C93D0062E711 /* Sources */,
				F4C86DA02805C93D0062E711 /* Frameworks */,
				F4C86DA12805C93D0062E711 /* Resources */,
				7345ED1B6E8F37D6427F6DFE /* [CP] Embed Pods Frameworks */,
			);
			buildRules = (
			);
			dependencies = (
			);
			name = CocoaPodsOrnek;
			productName = CocoaPodsOrnek;
			productReference = F4C86DA32805C93D0062E711 /* CocoaPodsOrnek.app */;
			productType = "com.apple.product-type.application";
		};
/* End PBXNativeTarget section */

/* Begin PBXProject section */
		F4C86D9B2805C93D0062E711 /* Project object */ = {
			isa = PBXProject;
			attributes = {
				BuildIndependentTargetsInParallel = 1;
				LastSwiftUpdateCheck = 1330;
				LastUpgradeCheck = 1330;
				TargetAttributes = {
					F4C86DA22805C93D0062E711 = {
						CreatedOnToolsVersion = 13.3;
					};
				};
			};
			buildConfigurationList = F4C86D9E2805C93D0062E711 /* Build configuration list for PBXProject "CocoaPodsOrnek" */;
			compatibilityVersion = "Xcode 13.0";
			developmentRegion = en;
			hasScannedForEncodings = 0;
			knownRegions = (
				en,
				Base,
			);
			mainGroup = F4C86D9A2805C93D0062E711;
			productRefGroup = F4C86DA42805C93D0062E711 /* Products */;
			projectDirPath = "";
			projectRoot = "";
			targets = (
				F4C86DA22805C93D0062E711 /* CocoaPodsOrnek */,
			);
		};
/* End PBXProject section */

/* Begin PBXResourcesBuildPhase section */
		F4C86DA12805C93D0062E711 /* Resources */ = {
			isa = PBXResourcesBuildPhase;
			buildActionMask = 2147483647;
			files = (
				F4C86DB32805C9410062E711 /* LaunchScreen.storyboard in Resources */,
				F4C86DB02805C9410062E711 /* Assets.xcassets in Resources */,
				F4C86DAE2805C93D0062E711 /* Main.storyboard in Resources */,
			);
			runOnlyForDeploymentPostprocessing = 0;
		};
/* End PBXResourcesBuildPhase section */

/* Begin PBXShellScriptBuildPhase section */
		3A6DD9860DE9BFA2C14B4B9F /* [CP] Check Pods Manifest.lock */ = {
			isa = PBXShellScriptBuildPhase;
			buildActionMask = 2147483647;
			files = (
			);
			inputFileListPaths = (
			);
			inputPaths = (
				"${PODS_PODFILE_DIR_PATH}/Podfile.lock",
				"${PODS_ROOT}/Manifest.lock",
			);
			name = "[CP] Check Pods Manifest.lock";
			outputFileListPaths = (
			);
			outputPaths = (
				"$(DERIVED_FILE_DIR)/Pods-CocoaPodsOrnek-checkManifestLockResult.txt",
			);
			runOnlyForDeploymentPostprocessing = 0;
			shellPath = /bin/sh;
			shellScript = "diff \"${PODS_PODFILE_DIR_PATH}/Podfile.lock\" \"${PODS_ROOT}/Manifest.lock\" > /dev/null\nif [ $? != 0 ] ; then\n    # print error to STDERR\n    echo \"error: The sandbox is not in sync with the Podfile.lock. Run 'pod install' or update your CocoaPods installation.\" >&2\n    exit 1\nfi\n# This output is used by Xcode 'outputs' to avoid re-running this script phase.\necho \"SUCCESS\" > \"${SCRIPT_OUTPUT_FILE_0}\"\n";
			showEnvVarsInLog = 0;
		};
		7345ED1B6E8F37D6427F6DFE /* [CP] Embed Pods Frameworks */ = {
			isa = PBXShellScriptBuildPhase;
			buildActionMask = 2147483647;
			files = (
			);
			inputFileListPaths = (
				"${PODS_ROOT}/Target Support Files/Pods-CocoaPodsOrnek/Pods-CocoaPodsOrnek-frameworks-${CONFIGURATION}-input-files.xcfilelist",
			);
			name = "[CP] Embed Pods Frameworks";
			outputFileListPaths = (
				"${PODS_ROOT}/Target Support Files/Pods-CocoaPodsOrnek/Pods-CocoaPodsOrnek-frameworks-${CONFIGURATION}-output-files.xcfilelist",
			);
			runOnlyForDeploymentPostprocessing = 0;
			shellPath = /bin/sh;
			shellScript = "\"${PODS_ROOT}/Target Support Files/Pods-CocoaPodsOrnek/Pods-CocoaPodsOrnek-frameworks.sh\"\n";
			showEnvVarsInLog = 0;
		};
/* End PBXShellScriptBuildPhase section */

/* Begin PBXSourcesBuildPhase section */
		F4C86D9F2805C93D0062E711 /* Sources */ = {
			isa = PBXSourcesBuildPhase;
			buildActionMask = 2147483647;
			files = (
				F4C86DAB2805C93D0062E711 /* ViewController.swift in Sources */,
				F4C86DA72805C93D0062E711 /* AppDelegate.swift in Sources */,
				F4C86DA92805C93D0062E711 /* SceneDelegate.swift in Sources */,
			);
			runOnlyForDeploymentPostprocessing = 0;
		};
/* End PBXSourcesBuildPhase section */

/* Begin PBXVariantGroup section */
		F4C86DAC2805C93D0062E711 /* Main.storyboard */ = {
			isa = PBXVariantGroup;
			children = (
				F4C86DAD2805C93D0062E711 /* Base */,
			);
			name = Main.storyboard;
			sourceTree = "<group>";
		};
		F4C86DB12805C9410062E711 /* LaunchScreen.storyboard */ = {
			isa = PBXVariantGroup;
			children = (
				F4C86DB22805C9410062E711 /* Base */,
			);
			name = LaunchScreen.storyboard;
			sourceTree = "<group>";
		};
/* End PBXVariantGroup section */

/* Begin XCBuildConfiguration section */
		F4C86DB52805C9410062E711 /* Debug */ = {
			isa = XCBuildConfiguration;
			buildSettings = {
				ALWAYS_SEARCH_USER_PATHS = NO;
				CLANG_ANALYZER_NONNULL = YES;
				CLANG_ANALYZER_NUMBER_OBJECT_CONVERSION = YES_AGGRESSIVE;
				CLANG_CXX_LANGUAGE_STANDARD = "gnu++17";
				CLANG_ENABLE_MODULES = YES;
				CLANG_ENABLE_OBJC_ARC = YES;
				CLANG_ENABLE_OBJC_WEAK = YES;
				CLANG_WARN_BLOCK_CAPTURE_AUTORELEASING = YES;
				CLANG_WARN_BOOL_CONVERSION = YES;
				CLANG_WARN_COMMA = YES;
				CLANG_WARN_CONSTANT_CONVERSION = YES;
				CLANG_WARN_DEPRECATED_OBJC_IMPLEMENTATIONS = YES;
				CLANG_WARN_DIRECT_OBJC_ISA_USAGE = YES_ERROR;
				CLANG_WARN_DOCUMENTATION_COMMENTS = YES;
				CLANG_WARN_EMPTY_BODY = YES;
				CLANG_WARN_ENUM_CONVERSION = YES;
				CLANG_WARN_INFINITE_RECURSION = YES;
				CLANG_WARN_INT_CONVERSION = YES;
				CLANG_WARN_NON_LITERAL_NULL_CONVERSION = YES;
				CLANG_WARN_OBJC_IMPLICIT_RETAIN_SELF = YES;
				CLANG_WARN_OBJC_LITERAL_CONVERSION = YES;
				CLANG_WARN_OBJC_ROOT_CLASS = YES_ERROR;
				CLANG_WARN_QUOTED_INCLUDE_IN_FRAMEWORK_HEADER = YES;
				CLANG_WARN_RANGE_LOOP_ANALYSIS = YES;
				CLANG_WARN_STRICT_PROTOTYPES = YES;
				CLANG_WARN_SUSPICIOUS_MOVE = YES;
				CLANG_WARN_UNGUARDED_AVAILABILITY = YES_AGGRESSIVE;
				CLANG_WARN_UNREACHABLE_CODE = YES;
				CLANG_WARN__DUPLICATE_METHOD_MATCH = YES;
				COPY_PHASE_STRIP = NO;
				DEBUG_INFORMATION_FORMAT = dwarf;
				ENABLE_STRICT_OBJC_MSGSEND = YES;
				ENABLE_TESTABILITY = YES;
				GCC_C_LANGUAGE_STANDARD = gnu11;
				GCC_DYNAMIC_NO_PIC = NO;
				GCC_NO_COMMON_BLOCKS = YES;
				GCC_OPTIMIZATION_LEVEL = 0;
				GCC_PREPROCESSOR_DEFINITIONS = (
					"DEBUG=1",
					"$(inherited)",
				);
				GCC_WARN_64_TO_32_BIT_CONVERSION = YES;
				GCC_WARN_ABOUT_RETURN_TYPE = YES_ERROR;
				GCC_WARN_UNDECLARED_SELECTOR = YES;
				GCC_WARN_UNINITIALIZED_AUTOS = YES_AGGRESSIVE;
				GCC_WARN_UNUSED_FUNCTION = YES;
				GCC_WARN_UNUSED_VARIABLE = YES;
				IPHONEOS_DEPLOYMENT_TARGET = 15.4;
				MTL_ENABLE_DEBUG_INFO = INCLUDE_SOURCE;
				MTL_FAST_MATH = YES;
				ONLY_ACTIVE_ARCH = YES;
				SDKROOT = iphoneos;
				SWIFT_ACTIVE_COMPILATION_CONDITIONS = DEBUG;
				SWIFT_OPTIMIZATION_LEVEL = "-Onone";
			};
			name = Debug;
		};
		F4C86DB62805C9410062E711 /* Release */ = {
			isa = XCBuildConfiguration;
			buildSettings = {
				ALWAYS_SEARCH_USER_PATHS = NO;
				CLANG_ANALYZER_NONNULL = YES;
				CLANG_ANALYZER_NUMBER_OBJECT_CONVERSION = YES_AGGRESSIVE;
				CLANG_CXX_LANGUAGE_STANDARD = "gnu++17";
				CLANG_ENABLE_MODULES = YES;
				CLANG_ENABLE_OBJC_ARC = YES;
				CLANG_ENABLE_OBJC_WEAK = YES;
				CLANG_WARN_BLOCK_CAPTURE_AUTORELEASING = YES;
				CLANG_WARN_BOOL_CONVERSION = YES;
				CLANG_WARN_COMMA = YES;
				CLANG_WARN_CONSTANT_CONVERSION = YES;
				CLANG_WARN_DEPRECATED_OBJC_IMPLEMENTATIONS = YES;
				CLANG_WARN_DIRECT_OBJC_ISA_USAGE = YES_ERROR;
				CLANG_WARN_DOCUMENTATION_COMMENTS = YES;
				CLANG_WARN_EMPTY_BODY = YES;
				CLANG_WARN_ENUM_CONVERSION = YES;
				CLANG_WARN_INFINITE_RECURSION = YES;
				CLANG_WARN_INT_CONVERSION = YES;
				CLANG_WARN_NON_LITERAL_NULL_CONVERSION = YES;
				CLANG_WARN_OBJC_IMPLICIT_RETAIN_SELF = YES;
				CLANG_WARN_OBJC_LITERAL_CONVERSION = YES;
				CLANG_WARN_OBJC_ROOT_CLASS = YES_ERROR;
				CLANG_WARN_QUOTED_INCLUDE_IN_FRAMEWORK_HEADER = YES;
				CLANG_WARN_RANGE_LOOP_ANALYSIS = YES;
				CLANG_WARN_STRICT_PROTOTYPES = YES;
				CLANG_WARN_SUSPICIOUS_MOVE = YES;
				CLANG_WARN_UNGUARDED_AVAILABILITY = YES_AGGRESSIVE;
				CLANG_WARN_UNREACHABLE_CODE = YES;
				CLANG_WARN__DUPLICATE_METHOD_MATCH = YES;
				COPY_PHASE_STRIP = NO;
				DEBUG_INFORMATION_FORMAT = "dwarf-with-dsym";
				ENABLE_NS_ASSERTIONS = NO;
				ENABLE_STRICT_OBJC_MSGSEND = YES;
				GCC_C_LANGUAGE_STANDARD = gnu11;
				GCC_NO_COMMON_BLOCKS = YES;
				GCC_WARN_64_TO_32_BIT_CONVERSION = YES;
				GCC_WARN_ABOUT_RETURN_TYPE = YES_ERROR;
				GCC_WARN_UNDECLARED_SELECTOR = YES;
				GCC_WARN_UNINITIALIZED_AUTOS = YES_AGGRESSIVE;
				GCC_WARN_UNUSED_FUNCTION = YES;
				GCC_WARN_UNUSED_VARIABLE = YES;
				IPHONEOS_DEPLOYMENT_TARGET = 15.4;
				MTL_ENABLE_DEBUG_INFO = NO;
				MTL_FAST_MATH = YES;
				SDKROOT = iphoneos;
				SWIFT_COMPILATION_MODE = wholemodule;
				SWIFT_OPTIMIZATION_LEVEL = "-O";
				VALIDATE_PRODUCT = YES;
			};
			name = Release;
		};
		F4C86DB82805C9410062E711 /* Debug */ = {
			isa = XCBuildConfiguration;
			baseConfigurationReference = 3A79BFC0644B139FD3173A89 /* Pods-CocoaPodsOrnek.debug.xcconfig */;
			buildSettings = {
				ASSETCATALOG_COMPILER_APPICON_NAME = AppIcon;
				ASSETCATALOG_COMPILER_GLOBAL_ACCENT_COLOR_NAME = AccentColor;
				CODE_SIGN_STYLE = Automatic;
				CURRENT_PROJECT_VERSION = 1;
				DEVELOPMENT_TEAM = 3F2Y7B7Z54;
				GENERATE_INFOPLIST_FILE = YES;
				INFOPLIST_FILE = CocoaPodsOrnek/Info.plist;
				INFOPLIST_KEY_UIApplicationSupportsIndirectInputEvents = YES;
				INFOPLIST_KEY_UILaunchStoryboardName = LaunchScreen;
				INFOPLIST_KEY_UIMainStoryboardFile = Main;
				INFOPLIST_KEY_UISupportedInterfaceOrientations_iPad = "UIInterfaceOrientationPortrait UIInterfaceOrientationPortraitUpsideDown UIInterfaceOrientationLandscapeLeft UIInterfaceOrientationLandscapeRight";
				INFOPLIST_KEY_UISupportedInterfaceOrientations_iPhone = "UIInterfaceOrientationPortrait UIInterfaceOrientationLandscapeLeft UIInterfaceOrientationLandscapeRight";
				LD_RUNPATH_SEARCH_PATHS = (
					"$(inherited)",
					"@executable_path/Frameworks",
				);
				MARKETING_VERSION = 1.0;
				PRODUCT_BUNDLE_IDENTIFIER = com.TurkcellGeleceginYazarlari.CocoaPodsOrnek;
				PRODUCT_NAME = "$(TARGET_NAME)";
				SWIFT_EMIT_LOC_STRINGS = YES;
				SWIFT_VERSION = 5.0;
				TARGETED_DEVICE_FAMILY = "1,2";
			};
			name = Debug;
		};
		F4C86DB92805C9410062E711 /* Release */ = {
			isa = XCBuildConfiguration;
			baseConfigurationReference = A11CC259875621EF9BD9CE69 /* Pods-CocoaPodsOrnek.release.xcconfig */;
			buildSettings = {
				ASSETCATALOG_COMPILER_APPICON_NAME = AppIcon;
				ASSETCATALOG_COMPILER_GLOBAL_ACCENT_COLOR_NAME = AccentColor;
				CODE_SIGN_STYLE = Automatic;
				CURRENT_PROJECT_VERSION = 1;
				DEVELOPMENT_TEAM = 3F2Y7B7Z54;
				GENERATE_INFOPLIST_FILE = YES;
				INFOPLIST_FILE = CocoaPodsOrnek/Info.plist;
				INFOPLIST_KEY_UIApplicationSupportsIndirectInputEvents = YES;
				INFOPLIST_KEY_UILaunchStoryboardName = LaunchScreen;
				INFOPLIST_KEY_UIMainStoryboardFile = Main;
				INFOPLIST_KEY_UISupportedInterfaceOrientations_iPad = "UIInterfaceOrientationPortrait UIInterfaceOrientationPortraitUpsideDown UIInterfaceOrientationLandscapeLeft UIInterfaceOrientationLandscapeRight";
				INFOPLIST_KEY_UISupportedInterfaceOrientations_iPhone = "UIInterfaceOrientationPortrait UIInterfaceOrientationLandscapeLeft UIInterfaceOrientationLandscapeRight";
				LD_RUNPATH_SEARCH_PATHS = (
					"$(inherited)",
					"@executable_path/Frameworks",
				);
				MARKETING_VERSION = 1.0;
				PRODUCT_BUNDLE_IDENTIFIER = com.TurkcellGeleceginYazarlari.CocoaPodsOrnek;
				PRODUCT_NAME = "$(TARGET_NAME)";
				SWIFT_EMIT_LOC_STRINGS = YES;
				SWIFT_VERSION = 5.0;
				TARGETED_DEVICE_FAMILY = "1,2";
			};
			name = Release;
		};
/* End XCBuildConfiguration section */

/* Begin XCConfigurationList section */
		F4C86D9E2805C93D0062E711 /* Build configuration list for PBXProject "CocoaPodsOrnek" */ = {
			isa = XCConfigurationList;
			buildConfigurations = (
				F4C86DB52805C9410062E711 /* Debug */,
				F4C86DB62805C9410062E711 /* Release */,
			);
			defaultConfigurationIsVisible = 0;
			defaultConfigurationName = Release;
		};
		F4C86DB72805C9410062E711 /* Build configuration list for PBXNativeTarget "CocoaPodsOrnek" */ = {
			isa = XCConfigurationList;
			buildConfigurations = (
				F4C86DB82805C9410062E711 /* Debug */,
				F4C86DB92805C9410062E711 /* Release */,
			);
			defaultConfigurationIsVisible = 0;
			defaultConfigurationName = Release;
		};
/* End XCConfigurationList section */
	};
	rootObject = F4C86D9B2805C93D0062E711 /* Project object */;
}
