// !$*UTF8*$!
{
	archiveVersion = 1;
	classes = {
	};
	objectVersion = 55;
	objects = {

/* Begin PBXBuildFile section */
		F456D98A280445FE00DBB543 /* AppDelegate.swift in Sources */ = {isa = PBXBuildFile; fileRef = F456D989280445FE00DBB543 /* AppDelegate.swift */; };
		F456D98C280445FE00DBB543 /* SceneDelegate.swift in Sources */ = {isa = PBXBuildFile; fileRef = F456D98B280445FE00DBB543 /* SceneDelegate.swift */; };
		F456D98E280445FE00DBB543 /* ViewController.swift in Sources */ = {isa = PBXBuildFile; fileRef = F456D98D280445FE00DBB543 /* ViewController.swift */; };
		F456D991280445FE00DBB543 /* Main.storyboard in Resources */ = {isa = PBXBuildFile; fileRef = F456D98F280445FE00DBB543 /* Main.storyboard */; };
		F456D994280445FE00DBB543 /* CoreDataApp.xcdatamodeld in Sources */ = {isa = PBXBuildFile; fileRef = F456D992280445FE00DBB543 /* CoreDataApp.xcdatamodeld */; };
		F456D996280445FF00DBB543 /* Assets.xcassets in Resources */ = {isa = PBXBuildFile; fileRef = F456D995280445FF00DBB543 /* Assets.xcassets */; };
		F456D999280445FF00DBB543 /* LaunchScreen.storyboard in Resources */ = {isa = PBXBuildFile; fileRef = F456D997280445FF00DBB543 /* LaunchScreen.storyboard */; };
		F456D9A52804484F00DBB543 /* UsersTVCell.swift in Sources */ = {isa = PBXBuildFile; fileRef = F456D9A32804484F00DBB543 /* UsersTVCell.swift */; };
		F456D9A62804484F00DBB543 /* UsersTVCell.xib in Resources */ = {isa = PBXBuildFile; fileRef = F456D9A42804484F00DBB543 /* UsersTVCell.xib */; };
		F456D9A828044B5000DBB543 /* CreateUserVC.swift in Sources */ = {isa = PBXBuildFile; fileRef = F456D9A728044B5000DBB543 /* CreateUserVC.swift */; };
/* End PBXBuildFile section */

/* Begin PBXFileReference section */
		F456D986280445FE00DBB543 /* CoreDataApp.app */ = {isa = PBXFileReference; explicitFileType = wrapper.application; includeInIndex = 0; path = CoreDataApp.app; sourceTree = BUILT_PRODUCTS_DIR; };
		F456D989280445FE00DBB543 /* AppDelegate.swift */ = {isa = PBXFileReference; lastKnownFileType = sourcecode.swift; path = AppDelegate.swift; sourceTree = "<group>"; };
		F456D98B280445FE00DBB543 /* SceneDelegate.swift */ = {isa = PBXFileReference; lastKnownFileType = sourcecode.swift; path = SceneDelegate.swift; sourceTree = "<group>"; };
		F456D98D280445FE00DBB543 /* ViewController.swift */ = {isa = PBXFileReference; lastKnownFileType = sourcecode.swift; path = ViewController.swift; sourceTree = "<group>"; };
		F456D990280445FE00DBB543 /* Base */ = {isa = PBXFileReference; lastKnownFileType = file.storyboard; name = Base; path = Base.lproj/Main.storyboard; sourceTree = "<group>"; };
		F456D993280445FE00DBB543 /* CoreDataApp.xcdatamodel */ = {isa = PBXFileReference; lastKnownFileType = wrapper.xcdatamodel; path = CoreDataApp.xcdatamodel; sourceTree = "<group>"; };
		F456D995280445FF00DBB543 /* Assets.xcassets */ = {isa = PBXFileReference; lastKnownFileType = folder.assetcatalog; path = Assets.xcassets; sourceTree = "<group>"; };
		F456D998280445FF00DBB543 /* Base */ = {isa = PBXFileReference; lastKnownFileType = file.storyboard; name = Base; path = Base.lproj/LaunchScreen.storyboard; sourceTree = "<group>"; };
		F456D99A280445FF00DBB543 /* Info.plist */ = {isa = PBXFileReference; lastKnownFileType = text.plist.xml; path = Info.plist; sourceTree = "<group>"; };
		F456D9A32804484F00DBB543 /* UsersTVCell.swift */ = {isa = PBXFileReference; lastKnownFileType = sourcecode.swift; name = UsersTVCell.swift; path = CoreDataApp/Controllers/UsersTVCell.swift; sourceTree = SOURCE_ROOT; };
		F456D9A42804484F00DBB543 /* UsersTVCell.xib */ = {isa = PBXFileReference; lastKnownFileType = file.xib; name = UsersTVCell.xib; path = CoreDataApp/Controllers/UsersTVCell.xib; sourceTree = SOURCE_ROOT; };
		F456D9A728044B5000DBB543 /* CreateUserVC.swift */ = {isa = PBXFileReference; lastKnownFileType = sourcecode.swift; name = CreateUserVC.swift; path = CoreDataApp/Controllers/CreateUserVC.swift; sourceTree = SOURCE_ROOT; };
/* End PBXFileReference section */

/* Begin PBXFrameworksBuildPhase section */
		F456D983280445FE00DBB543 /* Frameworks */ = {
			isa = PBXFrameworksBuildPhase;
			buildActionMask = 2147483647;
			files = (
			);
			runOnlyForDeploymentPostprocessing = 0;
		};
/* End PBXFrameworksBuildPhase section */

/* Begin PBXGroup section */
		F456D97D280445FE00DBB543 = {
			isa = PBXGroup;
			children = (
				F456D988280445FE00DBB543 /* CoreDataApp */,
				F456D987280445FE00DBB543 /* Products */,
			);
			sourceTree = "<group>";
		};
		F456D987280445FE00DBB543 /* Products */ = {
			isa = PBXGroup;
			children = (
				F456D986280445FE00DBB543 /* CoreDataApp.app */,
			);
			name = Products;
			sourceTree = "<group>";
		};
		F456D988280445FE00DBB543 /* CoreDataApp */ = {
			isa = PBXGroup;
			children = (
				F456D9A22804461200DBB543 /* Controllers */,
				F456D9A12804460E00DBB543 /* Views */,
				F456D9A02804460500DBB543 /* Supporting Files */,
				F456D99A280445FF00DBB543 /* Info.plist */,
			);
			path = CoreDataApp;
			sourceTree = "<group>";
		};
		F456D9A02804460500DBB543 /* Supporting Files */ = {
			isa = PBXGroup;
			children = (
				F456D989280445FE00DBB543 /* AppDelegate.swift */,
				F456D98B280445FE00DBB543 /* SceneDelegate.swift */,
				F456D992280445FE00DBB543 /* CoreDataApp.xcdatamodeld */,
				F456D995280445FF00DBB543 /* Assets.xcassets */,
			);
			path = "Supporting Files";
			sourceTree = "<group>";
		};
		F456D9A12804460E00DBB543 /* Views */ = {
			isa = PBXGroup;
			children = (
				F456D98F280445FE00DBB543 /* Main.storyboard */,
				F456D997280445FF00DBB543 /* LaunchScreen.storyboard */,
			);
			path = Views;
			sourceTree = "<group>";
		};
		F456D9A22804461200DBB543 /* Controllers */ = {
			isa = PBXGroup;
			children = (
				F456D98D280445FE00DBB543 /* ViewController.swift */,
				F456D9A32804484F00DBB543 /* UsersTVCell.swift */,
				F456D9A42804484F00DBB543 /* UsersTVCell.xib */,
				F456D9A728044B5000DBB543 /* CreateUserVC.swift */,
			);
			path = Controllers;
			sourceTree = "<group>";
		};
/* End PBXGroup section */

/* Begin PBXNativeTarget section */
		F456D985280445FE00DBB543 /* CoreDataApp */ = {
			isa = PBXNativeTarget;
			buildConfigurationList = F456D99D280445FF00DBB543 /* Build configuration list for PBXNativeTarget "CoreDataApp" */;
			buildPhases = (
				F456D982280445FE00DBB543 /* Sources */,
				F456D983280445FE00DBB543 /* Frameworks */,
				F456D984280445FE00DBB543 /* Resources */,
			);
			buildRules = (
			);
			dependencies = (
			);
			name = CoreDataApp;
			productName = CoreDataApp;
			productReference = F456D986280445FE00DBB543 /* CoreDataApp.app */;
			productType = "com.apple.product-type.application";
		};
/* End PBXNativeTarget section */

/* Begin PBXProject section */
		F456D97E280445FE00DBB543 /* Project object */ = {
			isa = PBXProject;
			attributes = {
				BuildIndependentTargetsInParallel = 1;
				LastSwiftUpdateCheck = 1330;
				LastUpgradeCheck = 1330;
				TargetAttributes = {
					F456D985280445FE00DBB543 = {
						CreatedOnToolsVersion = 13.3;
					};
				};
			};
			buildConfigurationList = F456D981280445FE00DBB543 /* Build configuration list for PBXProject "CoreDataApp" */;
			compatibilityVersion = "Xcode 13.0";
			developmentRegion = en;
			hasScannedForEncodings = 0;
			knownRegions = (
				en,
				Base,
			);
			mainGroup = F456D97D280445FE00DBB543;
			productRefGroup = F456D987280445FE00DBB543 /* Products */;
			projectDirPath = "";
			projectRoot = "";
			targets = (
				F456D985280445FE00DBB543 /* CoreDataApp */,
			);
		};
/* End PBXProject section */

/* Begin PBXResourcesBuildPhase section */
		F456D984280445FE00DBB543 /* Resources */ = {
			isa = PBXResourcesBuildPhase;
			buildActionMask = 2147483647;
			files = (
				F456D9A62804484F00DBB543 /* UsersTVCell.xib in Resources */,
				F456D999280445FF00DBB543 /* LaunchScreen.storyboard in Resources */,
				F456D996280445FF00DBB543 /* Assets.xcassets in Resources */,
				F456D991280445FE00DBB543 /* Main.storyboard in Resources */,
			);
			runOnlyForDeploymentPostprocessing = 0;
		};
/* End PBXResourcesBuildPhase section */

/* Begin PBXSourcesBuildPhase section */
		F456D982280445FE00DBB543 /* Sources */ = {
			isa = PBXSourcesBuildPhase;
			buildActionMask = 2147483647;
			files = (
				F456D9A52804484F00DBB543 /* UsersTVCell.swift in Sources */,
				F456D994280445FE00DBB543 /* CoreDataApp.xcdatamodeld in Sources */,
				F456D98E280445FE00DBB543 /* ViewController.swift in Sources */,
				F456D9A828044B5000DBB543 /* CreateUserVC.swift in Sources */,
				F456D98A280445FE00DBB543 /* AppDelegate.swift in Sources */,
				F456D98C280445FE00DBB543 /* SceneDelegate.swift in Sources */,
			);
			runOnlyForDeploymentPostprocessing = 0;
		};
/* End PBXSourcesBuildPhase section */

/* Begin PBXVariantGroup section */
		F456D98F280445FE00DBB543 /* Main.storyboard */ = {
			isa = PBXVariantGroup;
			children = (
				F456D990280445FE00DBB543 /* Base */,
			);
			name = Main.storyboard;
			sourceTree = "<group>";
		};
		F456D997280445FF00DBB543 /* LaunchScreen.storyboard */ = {
			isa = PBXVariantGroup;
			children = (
				F456D998280445FF00DBB543 /* Base */,
			);
			name = LaunchScreen.storyboard;
			sourceTree = "<group>";
		};
/* End PBXVariantGroup section */

/* Begin XCBuildConfiguration section */
		F456D99B280445FF00DBB543 /* Debug */ = {
			isa = XCBuildConfiguration;
			buildSettings = {
				ALWAYS_SEARCH_USER_PATHS = NO;
				CLANG_ANALYZER_NONNULL = YES;
				CLANG_ANALYZER_NUMBER_OBJECT_CONVERSION = YES_AGGRESSIVE;
				CLANG_CXX_LANGUAGE_STANDARD = "gnu++17";
				CLANG_ENABLE_MODULES = YES;
				CLANG_ENABLE_OBJC_ARC = YES;
				CLANG_ENABLE_OBJC_WEAK = YES;
				CLANG_WARN_BLOCK_CAPTURE_AUTORELEASING = YES;
				CLANG_WARN_BOOL_CONVERSION = YES;
				CLANG_WARN_COMMA = YES;
				CLANG_WARN_CONSTANT_CONVERSION = YES;
				CLANG_WARN_DEPRECATED_OBJC_IMPLEMENTATIONS = YES;
				CLANG_WARN_DIRECT_OBJC_ISA_USAGE = YES_ERROR;
				CLANG_WARN_DOCUMENTATION_COMMENTS = YES;
				CLANG_WARN_EMPTY_BODY = YES;
				CLANG_WARN_ENUM_CONVERSION = YES;
				CLANG_WARN_INFINITE_RECURSION = YES;
				CLANG_WARN_INT_CONVERSION = YES;
				CLANG_WARN_NON_LITERAL_NULL_CONVERSION = YES;
				CLANG_WARN_OBJC_IMPLICIT_RETAIN_SELF = YES;
				CLANG_WARN_OBJC_LITERAL_CONVERSION = YES;
				CLANG_WARN_OBJC_ROOT_CLASS = YES_ERROR;
				CLANG_WARN_QUOTED_INCLUDE_IN_FRAMEWORK_HEADER = YES;
				CLANG_WARN_RANGE_LOOP_ANALYSIS = YES;
				CLANG_WARN_STRICT_PROTOTYPES = YES;
				CLANG_WARN_SUSPICIOUS_MOVE = YES;
				CLANG_WARN_UNGUARDED_AVAILABILITY = YES_AGGRESSIVE;
				CLANG_WARN_UNREACHABLE_CODE = YES;
				CLANG_WARN__DUPLICATE_METHOD_MATCH = YES;
				COPY_PHASE_STRIP = NO;
				DEBUG_INFORMATION_FORMAT = dwarf;
				ENABLE_STRICT_OBJC_MSGSEND = YES;
				ENABLE_TESTABILITY = YES;
				GCC_C_LANGUAGE_STANDARD = gnu11;
				GCC_DYNAMIC_NO_PIC = NO;
				GCC_NO_COMMON_BLOCKS = YES;
				GCC_OPTIMIZATION_LEVEL = 0;
				GCC_PREPROCESSOR_DEFINITIONS = (
					"DEBUG=1",
					"$(inherited)",
				);
				GCC_WARN_64_TO_32_BIT_CONVERSION = YES;
				GCC_WARN_ABOUT_RETURN_TYPE = YES_ERROR;
				GCC_WARN_UNDECLARED_SELECTOR = YES;
				GCC_WARN_UNINITIALIZED_AUTOS = YES_AGGRESSIVE;
				GCC_WARN_UNUSED_FUNCTION = YES;
				GCC_WARN_UNUSED_VARIABLE = YES;
				IPHONEOS_DEPLOYMENT_TARGET = 15.4;
				MTL_ENABLE_DEBUG_INFO = INCLUDE_SOURCE;
				MTL_FAST_MATH = YES;
				ONLY_ACTIVE_ARCH = YES;
				SDKROOT = iphoneos;
				SWIFT_ACTIVE_COMPILATION_CONDITIONS = DEBUG;
				SWIFT_OPTIMIZATION_LEVEL = "-Onone";
			};
			name = Debug;
		};
		F456D99C280445FF00DBB543 /* Release */ = {
			isa = XCBuildConfiguration;
			buildSettings = {
				ALWAYS_SEARCH_USER_PATHS = NO;
				CLANG_ANALYZER_NONNULL = YES;
				CLANG_ANALYZER_NUMBER_OBJECT_CONVERSION = YES_AGGRESSIVE;
				CLANG_CXX_LANGUAGE_STANDARD = "gnu++17";
				CLANG_ENABLE_MODULES = YES;
				CLANG_ENABLE_OBJC_ARC = YES;
				CLANG_ENABLE_OBJC_WEAK = YES;
				CLANG_WARN_BLOCK_CAPTURE_AUTORELEASING = YES;
				CLANG_WARN_BOOL_CONVERSION = YES;
				CLANG_WARN_COMMA = YES;
				CLANG_WARN_CONSTANT_CONVERSION = YES;
				CLANG_WARN_DEPRECATED_OBJC_IMPLEMENTATIONS = YES;
				CLANG_WARN_DIRECT_OBJC_ISA_USAGE = YES_ERROR;
				CLANG_WARN_DOCUMENTATION_COMMENTS = YES;
				CLANG_WARN_EMPTY_BODY = YES;
				CLANG_WARN_ENUM_CONVERSION = YES;
				CLANG_WARN_INFINITE_RECURSION = YES;
				CLANG_WARN_INT_CONVERSION = YES;
				CLANG_WARN_NON_LITERAL_NULL_CONVERSION = YES;
				CLANG_WARN_OBJC_IMPLICIT_RETAIN_SELF = YES;
				CLANG_WARN_OBJC_LITERAL_CONVERSION = YES;
				CLANG_WARN_OBJC_ROOT_CLASS = YES_ERROR;
				CLANG_WARN_QUOTED_INCLUDE_IN_FRAMEWORK_HEADER = YES;
				CLANG_WARN_RANGE_LOOP_ANALYSIS = YES;
				CLANG_WARN_STRICT_PROTOTYPES = YES;
				CLANG_WARN_SUSPICIOUS_MOVE = YES;
				CLANG_WARN_UNGUARDED_AVAILABILITY = YES_AGGRESSIVE;
				CLANG_WARN_UNREACHABLE_CODE = YES;
				CLANG_WARN__DUPLICATE_METHOD_MATCH = YES;
				COPY_PHASE_STRIP = NO;
				DEBUG_INFORMATION_FORMAT = "dwarf-with-dsym";
				ENABLE_NS_ASSERTIONS = NO;
				ENABLE_STRICT_OBJC_MSGSEND = YES;
				GCC_C_LANGUAGE_STANDARD = gnu11;
				GCC_NO_COMMON_BLOCKS = YES;
				GCC_WARN_64_TO_32_BIT_CONVERSION = YES;
				GCC_WARN_ABOUT_RETURN_TYPE = YES_ERROR;
				GCC_WARN_UNDECLARED_SELECTOR = YES;
				GCC_WARN_UNINITIALIZED_AUTOS = YES_AGGRESSIVE;
				GCC_WARN_UNUSED_FUNCTION = YES;
				GCC_WARN_UNUSED_VARIABLE = YES;
				IPHONEOS_DEPLOYMENT_TARGET = 15.4;
				MTL_ENABLE_DEBUG_INFO = NO;
				MTL_FAST_MATH = YES;
				SDKROOT = iphoneos;
				SWIFT_COMPILATION_MODE = wholemodule;
				SWIFT_OPTIMIZATION_LEVEL = "-O";
				VALIDATE_PRODUCT = YES;
			};
			name = Release;
		};
		F456D99E280445FF00DBB543 /* Debug */ = {
			isa = XCBuildConfiguration;
			buildSettings = {
				ASSETCATALOG_COMPILER_APPICON_NAME = AppIcon;
				ASSETCATALOG_COMPILER_GLOBAL_ACCENT_COLOR_NAME = AccentColor;
				CODE_SIGN_STYLE = Automatic;
				CURRENT_PROJECT_VERSION = 1;
				DEVELOPMENT_TEAM = 3F2Y7B7Z54;
				GENERATE_INFOPLIST_FILE = YES;
				INFOPLIST_FILE = CoreDataApp/Info.plist;
				INFOPLIST_KEY_UIApplicationSupportsIndirectInputEvents = YES;
				INFOPLIST_KEY_UILaunchStoryboardName = LaunchScreen;
				INFOPLIST_KEY_UIMainStoryboardFile = Main;
				INFOPLIST_KEY_UISupportedInterfaceOrientations_iPad = "UIInterfaceOrientationPortrait UIInterfaceOrientationPortraitUpsideDown UIInterfaceOrientationLandscapeLeft UIInterfaceOrientationLandscapeRight";
				INFOPLIST_KEY_UISupportedInterfaceOrientations_iPhone = "UIInterfaceOrientationPortrait UIInterfaceOrientationLandscapeLeft UIInterfaceOrientationLandscapeRight";
				LD_RUNPATH_SEARCH_PATHS = (
					"$(inherited)",
					"@executable_path/Frameworks",
				);
				MARKETING_VERSION = 1.0;
				PRODUCT_BUNDLE_IDENTIFIER = com.TurkcellGeleceginYazarlari.CoreDataApp;
				PRODUCT_NAME = "$(TARGET_NAME)";
				SWIFT_EMIT_LOC_STRINGS = YES;
				SWIFT_VERSION = 5.0;
				TARGETED_DEVICE_FAMILY = "1,2";
			};
			name = Debug;
		};
		F456D99F280445FF00DBB543 /* Release */ = {
			isa = XCBuildConfiguration;
			buildSettings = {
				ASSETCATALOG_COMPILER_APPICON_NAME = AppIcon;
				ASSETCATALOG_COMPILER_GLOBAL_ACCENT_COLOR_NAME = AccentColor;
				CODE_SIGN_STYLE = Automatic;
				CURRENT_PROJECT_VERSION = 1;
				DEVELOPMENT_TEAM = 3F2Y7B7Z54;
				GENERATE_INFOPLIST_FILE = YES;
				INFOPLIST_FILE = CoreDataApp/Info.plist;
				INFOPLIST_KEY_UIApplicationSupportsIndirectInputEvents = YES;
				INFOPLIST_KEY_UILaunchStoryboardName = LaunchScreen;
				INFOPLIST_KEY_UIMainStoryboardFile = Main;
				INFOPLIST_KEY_UISupportedInterfaceOrientations_iPad = "UIInterfaceOrientationPortrait UIInterfaceOrientationPortraitUpsideDown UIInterfaceOrientationLandscapeLeft UIInterfaceOrientationLandscapeRight";
				INFOPLIST_KEY_UISupportedInterfaceOrientations_iPhone = "UIInterfaceOrientationPortrait UIInterfaceOrientationLandscapeLeft UIInterfaceOrientationLandscapeRight";
				LD_RUNPATH_SEARCH_PATHS = (
					"$(inherited)",
					"@executable_path/Frameworks",
				);
				MARKETING_VERSION = 1.0;
				PRODUCT_BUNDLE_IDENTIFIER = com.TurkcellGeleceginYazarlari.CoreDataApp;
				PRODUCT_NAME = "$(TARGET_NAME)";
				SWIFT_EMIT_LOC_STRINGS = YES;
				SWIFT_VERSION = 5.0;
				TARGETED_DEVICE_FAMILY = "1,2";
			};
			name = Release;
		};
/* End XCBuildConfiguration section */

/* Begin XCConfigurationList section */
		F456D981280445FE00DBB543 /* Build configuration list for PBXProject "CoreDataApp" */ = {
			isa = XCConfigurationList;
			buildConfigurations = (
				F456D99B280445FF00DBB543 /* Debug */,
				F456D99C280445FF00DBB543 /* Release */,
			);
			defaultConfigurationIsVisible = 0;
			defaultConfigurationName = Release;
		};
		F456D99D280445FF00DBB543 /* Build configuration list for PBXNativeTarget "CoreDataApp" */ = {
			isa = XCConfigurationList;
			buildConfigurations = (
				F456D99E280445FF00DBB543 /* Debug */,
				F456D99F280445FF00DBB543 /* Release */,
			);
			defaultConfigurationIsVisible = 0;
			defaultConfigurationName = Release;
		};
/* End XCConfigurationList section */

/* Begin XCVersionGroup section */
		F456D992280445FE00DBB543 /* CoreDataApp.xcdatamodeld */ = {
			isa = XCVersionGroup;
			children = (
				F456D993280445FE00DBB543 /* CoreDataApp.xcdatamodel */,
			);
			currentVersion = F456D993280445FE00DBB543 /* CoreDataApp.xcdatamodel */;
			path = CoreDataApp.xcdatamodeld;
			sourceTree = "<group>";
			versionGroupType = wrapper.xcdatamodel;
		};
/* End XCVersionGroup section */
	};
	rootObject = F456D97E280445FE00DBB543 /* Project object */;
}
