// !$*UTF8*$!
{
	archiveVersion = 1;
	classes = {
	};
	objectVersion = 55;
	objects = {

/* Begin PBXBuildFile section */
		F4F24D0327E86BEA009231CA /* AppDelegate.swift in Sources */ = {isa = PBXBuildFile; fileRef = F4F24D0227E86BEA009231CA /* AppDelegate.swift */; };
		F4F24D0527E86BEA009231CA /* SceneDelegate.swift in Sources */ = {isa = PBXBuildFile; fileRef = F4F24D0427E86BEA009231CA /* SceneDelegate.swift */; };
		F4F24D0727E86BEA009231CA /* ViewController.swift in Sources */ = {isa = PBXBuildFile; fileRef = F4F24D0627E86BEA009231CA /* ViewController.swift */; };
		F4F24D0A27E86BEA009231CA /* Main.storyboard in Resources */ = {isa = PBXBuildFile; fileRef = F4F24D0827E86BEA009231CA /* Main.storyboard */; };
		F4F24D0C27E86BEB009231CA /* Assets.xcassets in Resources */ = {isa = PBXBuildFile; fileRef = F4F24D0B27E86BEB009231CA /* Assets.xcassets */; };
		F4F24D0F27E86BEB009231CA /* LaunchScreen.storyboard in Resources */ = {isa = PBXBuildFile; fileRef = F4F24D0D27E86BEB009231CA /* LaunchScreen.storyboard */; };
		F4F24D1C27E86F91009231CA /* TableViewController.swift in Sources */ = {isa = PBXBuildFile; fileRef = F4F24D1B27E86F91009231CA /* TableViewController.swift */; };
		F4F24D1E27E876A3009231CA /* TVCell.swift in Sources */ = {isa = PBXBuildFile; fileRef = F4F24D1D27E876A3009231CA /* TVCell.swift */; };
/* End PBXBuildFile section */

/* Begin PBXFileReference section */
		F4F24CFF27E86BEA009231CA /* TableView Example.app */ = {isa = PBXFileReference; explicitFileType = wrapper.application; includeInIndex = 0; path = "TableView Example.app"; sourceTree = BUILT_PRODUCTS_DIR; };
		F4F24D0227E86BEA009231CA /* AppDelegate.swift */ = {isa = PBXFileReference; lastKnownFileType = sourcecode.swift; path = AppDelegate.swift; sourceTree = "<group>"; };
		F4F24D0427E86BEA009231CA /* SceneDelegate.swift */ = {isa = PBXFileReference; lastKnownFileType = sourcecode.swift; path = SceneDelegate.swift; sourceTree = "<group>"; };
		F4F24D0627E86BEA009231CA /* ViewController.swift */ = {isa = PBXFileReference; lastKnownFileType = sourcecode.swift; path = ViewController.swift; sourceTree = "<group>"; };
		F4F24D0927E86BEA009231CA /* Base */ = {isa = PBXFileReference; lastKnownFileType = file.storyboard; name = Base; path = Base.lproj/Main.storyboard; sourceTree = "<group>"; };
		F4F24D0B27E86BEB009231CA /* Assets.xcassets */ = {isa = PBXFileReference; lastKnownFileType = folder.assetcatalog; path = Assets.xcassets; sourceTree = "<group>"; };
		F4F24D0E27E86BEB009231CA /* Base */ = {isa = PBXFileReference; lastKnownFileType = file.storyboard; name = Base; path = Base.lproj/LaunchScreen.storyboard; sourceTree = "<group>"; };
		F4F24D1027E86BEB009231CA /* Info.plist */ = {isa = PBXFileReference; lastKnownFileType = text.plist.xml; path = Info.plist; sourceTree = "<group>"; };
		F4F24D1B27E86F91009231CA /* TableViewController.swift */ = {isa = PBXFileReference; lastKnownFileType = sourcecode.swift; path = TableViewController.swift; sourceTree = "<group>"; };
		F4F24D1D27E876A3009231CA /* TVCell.swift */ = {isa = PBXFileReference; lastKnownFileType = sourcecode.swift; path = TVCell.swift; sourceTree = "<group>"; };
/* End PBXFileReference section */

/* Begin PBXFrameworksBuildPhase section */
		F4F24CFC27E86BEA009231CA /* Frameworks */ = {
			isa = PBXFrameworksBuildPhase;
			buildActionMask = 2147483647;
			files = (
			);
			runOnlyForDeploymentPostprocessing = 0;
		};
/* End PBXFrameworksBuildPhase section */

/* Begin PBXGroup section */
		F4F24CF627E86BEA009231CA = {
			isa = PBXGroup;
			children = (
				F4F24D0127E86BEA009231CA /* TableView Example */,
				F4F24D0027E86BEA009231CA /* Products */,
			);
			sourceTree = "<group>";
		};
		F4F24D0027E86BEA009231CA /* Products */ = {
			isa = PBXGroup;
			children = (
				F4F24CFF27E86BEA009231CA /* TableView Example.app */,
			);
			name = Products;
			sourceTree = "<group>";
		};
		F4F24D0127E86BEA009231CA /* TableView Example */ = {
			isa = PBXGroup;
			children = (
				F4F24D1827E86E7F009231CA /* Supporting Files */,
				F4F24D1727E86E7A009231CA /* Views */,
				F4F24D1627E86E74009231CA /* Controllers */,
				F4F24D1027E86BEB009231CA /* Info.plist */,
			);
			path = "TableView Example";
			sourceTree = "<group>";
		};
		F4F24D1627E86E74009231CA /* Controllers */ = {
			isa = PBXGroup;
			children = (
				F4F24D0627E86BEA009231CA /* ViewController.swift */,
				F4F24D1B27E86F91009231CA /* TableViewController.swift */,
				F4F24D1D27E876A3009231CA /* TVCell.swift */,
			);
			path = Controllers;
			sourceTree = "<group>";
		};
		F4F24D1727E86E7A009231CA /* Views */ = {
			isa = PBXGroup;
			children = (
				F4F24D0827E86BEA009231CA /* Main.storyboard */,
				F4F24D0D27E86BEB009231CA /* LaunchScreen.storyboard */,
			);
			path = Views;
			sourceTree = "<group>";
		};
		F4F24D1827E86E7F009231CA /* Supporting Files */ = {
			isa = PBXGroup;
			children = (
				F4F24D0227E86BEA009231CA /* AppDelegate.swift */,
				F4F24D0427E86BEA009231CA /* SceneDelegate.swift */,
				F4F24D0B27E86BEB009231CA /* Assets.xcassets */,
			);
			path = "Supporting Files";
			sourceTree = "<group>";
		};
/* End PBXGroup section */

/* Begin PBXNativeTarget section */
		F4F24CFE27E86BEA009231CA /* TableView Example */ = {
			isa = PBXNativeTarget;
			buildConfigurationList = F4F24D1327E86BEB009231CA /* Build configuration list for PBXNativeTarget "TableView Example" */;
			buildPhases = (
				F4F24CFB27E86BEA009231CA /* Sources */,
				F4F24CFC27E86BEA009231CA /* Frameworks */,
				F4F24CFD27E86BEA009231CA /* Resources */,
			);
			buildRules = (
			);
			dependencies = (
			);
			name = "TableView Example";
			productName = "TableView Example";
			productReference = F4F24CFF27E86BEA009231CA /* TableView Example.app */;
			productType = "com.apple.product-type.application";
		};
/* End PBXNativeTarget section */

/* Begin PBXProject section */
		F4F24CF727E86BEA009231CA /* Project object */ = {
			isa = PBXProject;
			attributes = {
				BuildIndependentTargetsInParallel = 1;
				LastSwiftUpdateCheck = 1330;
				LastUpgradeCheck = 1330;
				TargetAttributes = {
					F4F24CFE27E86BEA009231CA = {
						CreatedOnToolsVersion = 13.3;
					};
				};
			};
			buildConfigurationList = F4F24CFA27E86BEA009231CA /* Build configuration list for PBXProject "TableView Example" */;
			compatibilityVersion = "Xcode 13.0";
			developmentRegion = en;
			hasScannedForEncodings = 0;
			knownRegions = (
				en,
				Base,
			);
			mainGroup = F4F24CF627E86BEA009231CA;
			productRefGroup = F4F24D0027E86BEA009231CA /* Products */;
			projectDirPath = "";
			projectRoot = "";
			targets = (
				F4F24CFE27E86BEA009231CA /* TableView Example */,
			);
		};
/* End PBXProject section */

/* Begin PBXResourcesBuildPhase section */
		F4F24CFD27E86BEA009231CA /* Resources */ = {
			isa = PBXResourcesBuildPhase;
			buildActionMask = 2147483647;
			files = (
				F4F24D0F27E86BEB009231CA /* LaunchScreen.storyboard in Resources */,
				F4F24D0C27E86BEB009231CA /* Assets.xcassets in Resources */,
				F4F24D0A27E86BEA009231CA /* Main.storyboard in Resources */,
			);
			runOnlyForDeploymentPostprocessing = 0;
		};
/* End PBXResourcesBuildPhase section */

/* Begin PBXSourcesBuildPhase section */
		F4F24CFB27E86BEA009231CA /* Sources */ = {
			isa = PBXSourcesBuildPhase;
			buildActionMask = 2147483647;
			files = (
				F4F24D0727E86BEA009231CA /* ViewController.swift in Sources */,
				F4F24D0327E86BEA009231CA /* AppDelegate.swift in Sources */,
				F4F24D0527E86BEA009231CA /* SceneDelegate.swift in Sources */,
				F4F24D1E27E876A3009231CA /* TVCell.swift in Sources */,
				F4F24D1C27E86F91009231CA /* TableViewController.swift in Sources */,
			);
			runOnlyForDeploymentPostprocessing = 0;
		};
/* End PBXSourcesBuildPhase section */

/* Begin PBXVariantGroup section */
		F4F24D0827E86BEA009231CA /* Main.storyboard */ = {
			isa = PBXVariantGroup;
			children = (
				F4F24D0927E86BEA009231CA /* Base */,
			);
			name = Main.storyboard;
			sourceTree = "<group>";
		};
		F4F24D0D27E86BEB009231CA /* LaunchScreen.storyboard */ = {
			isa = PBXVariantGroup;
			children = (
				F4F24D0E27E86BEB009231CA /* Base */,
			);
			name = LaunchScreen.storyboard;
			sourceTree = "<group>";
		};
/* End PBXVariantGroup section */

/* Begin XCBuildConfiguration section */
		F4F24D1127E86BEB009231CA /* Debug */ = {
			isa = XCBuildConfiguration;
			buildSettings = {
				ALWAYS_SEARCH_USER_PATHS = NO;
				CLANG_ANALYZER_NONNULL = YES;
				CLANG_ANALYZER_NUMBER_OBJECT_CONVERSION = YES_AGGRESSIVE;
				CLANG_CXX_LANGUAGE_STANDARD = "gnu++17";
				CLANG_ENABLE_MODULES = YES;
				CLANG_ENABLE_OBJC_ARC = YES;
				CLANG_ENABLE_OBJC_WEAK = YES;
				CLANG_WARN_BLOCK_CAPTURE_AUTORELEASING = YES;
				CLANG_WARN_BOOL_CONVERSION = YES;
				CLANG_WARN_COMMA = YES;
				CLANG_WARN_CONSTANT_CONVERSION = YES;
				CLANG_WARN_DEPRECATED_OBJC_IMPLEMENTATIONS = YES;
				CLANG_WARN_DIRECT_OBJC_ISA_USAGE = YES_ERROR;
				CLANG_WARN_DOCUMENTATION_COMMENTS = YES;
				CLANG_WARN_EMPTY_BODY = YES;
				CLANG_WARN_ENUM_CONVERSION = YES;
				CLANG_WARN_INFINITE_RECURSION = YES;
				CLANG_WARN_INT_CONVERSION = YES;
				CLANG_WARN_NON_LITERAL_NULL_CONVERSION = YES;
				CLANG_WARN_OBJC_IMPLICIT_RETAIN_SELF = YES;
				CLANG_WARN_OBJC_LITERAL_CONVERSION = YES;
				CLANG_WARN_OBJC_ROOT_CLASS = YES_ERROR;
				CLANG_WARN_QUOTED_INCLUDE_IN_FRAMEWORK_HEADER = YES;
				CLANG_WARN_RANGE_LOOP_ANALYSIS = YES;
				CLANG_WARN_STRICT_PROTOTYPES = YES;
				CLANG_WARN_SUSPICIOUS_MOVE = YES;
				CLANG_WARN_UNGUARDED_AVAILABILITY = YES_AGGRESSIVE;
				CLANG_WARN_UNREACHABLE_CODE = YES;
				CLANG_WARN__DUPLICATE_METHOD_MATCH = YES;
				COPY_PHASE_STRIP = NO;
				DEBUG_INFORMATION_FORMAT = dwarf;
				ENABLE_STRICT_OBJC_MSGSEND = YES;
				ENABLE_TESTABILITY = YES;
				GCC_C_LANGUAGE_STANDARD = gnu11;
				GCC_DYNAMIC_NO_PIC = NO;
				GCC_NO_COMMON_BLOCKS = YES;
				GCC_OPTIMIZATION_LEVEL = 0;
				GCC_PREPROCESSOR_DEFINITIONS = (
					"DEBUG=1",
					"$(inherited)",
				);
				GCC_WARN_64_TO_32_BIT_CONVERSION = YES;
				GCC_WARN_ABOUT_RETURN_TYPE = YES_ERROR;
				GCC_WARN_UNDECLARED_SELECTOR = YES;
				GCC_WARN_UNINITIALIZED_AUTOS = YES_AGGRESSIVE;
				GCC_WARN_UNUSED_FUNCTION = YES;
				GCC_WARN_UNUSED_VARIABLE = YES;
				IPHONEOS_DEPLOYMENT_TARGET = 15.4;
				MTL_ENABLE_DEBUG_INFO = INCLUDE_SOURCE;
				MTL_FAST_MATH = YES;
				ONLY_ACTIVE_ARCH = YES;
				SDKROOT = iphoneos;
				SWIFT_ACTIVE_COMPILATION_CONDITIONS = DEBUG;
				SWIFT_OPTIMIZATION_LEVEL = "-Onone";
			};
			name = Debug;
		};
		F4F24D1227E86BEB009231CA /* Release */ = {
			isa = XCBuildConfiguration;
			buildSettings = {
				ALWAYS_SEARCH_USER_PATHS = NO;
				CLANG_ANALYZER_NONNULL = YES;
				CLANG_ANALYZER_NUMBER_OBJECT_CONVERSION = YES_AGGRESSIVE;
				CLANG_CXX_LANGUAGE_STANDARD = "gnu++17";
				CLANG_ENABLE_MODULES = YES;
				CLANG_ENABLE_OBJC_ARC = YES;
				CLANG_ENABLE_OBJC_WEAK = YES;
				CLANG_WARN_BLOCK_CAPTURE_AUTORELEASING = YES;
				CLANG_WARN_BOOL_CONVERSION = YES;
				CLANG_WARN_COMMA = YES;
				CLANG_WARN_CONSTANT_CONVERSION = YES;
				CLANG_WARN_DEPRECATED_OBJC_IMPLEMENTATIONS = YES;
				CLANG_WARN_DIRECT_OBJC_ISA_USAGE = YES_ERROR;
				CLANG_WARN_DOCUMENTATION_COMMENTS = YES;
				CLANG_WARN_EMPTY_BODY = YES;
				CLANG_WARN_ENUM_CONVERSION = YES;
				CLANG_WARN_INFINITE_RECURSION = YES;
				CLANG_WARN_INT_CONVERSION = YES;
				CLANG_WARN_NON_LITERAL_NULL_CONVERSION = YES;
				CLANG_WARN_OBJC_IMPLICIT_RETAIN_SELF = YES;
				CLANG_WARN_OBJC_LITERAL_CONVERSION = YES;
				CLANG_WARN_OBJC_ROOT_CLASS = YES_ERROR;
				CLANG_WARN_QUOTED_INCLUDE_IN_FRAMEWORK_HEADER = YES;
				CLANG_WARN_RANGE_LOOP_ANALYSIS = YES;
				CLANG_WARN_STRICT_PROTOTYPES = YES;
				CLANG_WARN_SUSPICIOUS_MOVE = YES;
				CLANG_WARN_UNGUARDED_AVAILABILITY = YES_AGGRESSIVE;
				CLANG_WARN_UNREACHABLE_CODE = YES;
				CLANG_WARN__DUPLICATE_METHOD_MATCH = YES;
				COPY_PHASE_STRIP = NO;
				DEBUG_INFORMATION_FORMAT = "dwarf-with-dsym";
				ENABLE_NS_ASSERTIONS = NO;
				ENABLE_STRICT_OBJC_MSGSEND = YES;
				GCC_C_LANGUAGE_STANDARD = gnu11;
				GCC_NO_COMMON_BLOCKS = YES;
				GCC_WARN_64_TO_32_BIT_CONVERSION = YES;
				GCC_WARN_ABOUT_RETURN_TYPE = YES_ERROR;
				GCC_WARN_UNDECLARED_SELECTOR = YES;
				GCC_WARN_UNINITIALIZED_AUTOS = YES_AGGRESSIVE;
				GCC_WARN_UNUSED_FUNCTION = YES;
				GCC_WARN_UNUSED_VARIABLE = YES;
				IPHONEOS_DEPLOYMENT_TARGET = 15.4;
				MTL_ENABLE_DEBUG_INFO = NO;
				MTL_FAST_MATH = YES;
				SDKROOT = iphoneos;
				SWIFT_COMPILATION_MODE = wholemodule;
				SWIFT_OPTIMIZATION_LEVEL = "-O";
				VALIDATE_PRODUCT = YES;
			};
			name = Release;
		};
		F4F24D1427E86BEB009231CA /* Debug */ = {
			isa = XCBuildConfiguration;
			buildSettings = {
				ASSETCATALOG_COMPILER_APPICON_NAME = AppIcon;
				ASSETCATALOG_COMPILER_GLOBAL_ACCENT_COLOR_NAME = AccentColor;
				CODE_SIGN_STYLE = Automatic;
				CURRENT_PROJECT_VERSION = 1;
				DEVELOPMENT_TEAM = 3F2Y7B7Z54;
				GENERATE_INFOPLIST_FILE = YES;
				INFOPLIST_FILE = "TableView Example/Info.plist";
				INFOPLIST_KEY_UIApplicationSupportsIndirectInputEvents = YES;
				INFOPLIST_KEY_UILaunchStoryboardName = LaunchScreen;
				INFOPLIST_KEY_UIMainStoryboardFile = Main;
				INFOPLIST_KEY_UISupportedInterfaceOrientations_iPad = "UIInterfaceOrientationPortrait UIInterfaceOrientationPortraitUpsideDown UIInterfaceOrientationLandscapeLeft UIInterfaceOrientationLandscapeRight";
				INFOPLIST_KEY_UISupportedInterfaceOrientations_iPhone = "UIInterfaceOrientationPortrait UIInterfaceOrientationLandscapeLeft UIInterfaceOrientationLandscapeRight";
				LD_RUNPATH_SEARCH_PATHS = (
					"$(inherited)",
					"@executable_path/Frameworks",
				);
				MARKETING_VERSION = 1.0;
				PRODUCT_BUNDLE_IDENTIFIER = "com.TurkcellGeleceginYazarlari.TableView-Example";
				PRODUCT_NAME = "$(TARGET_NAME)";
				SWIFT_EMIT_LOC_STRINGS = YES;
				SWIFT_VERSION = 5.0;
				TARGETED_DEVICE_FAMILY = "1,2";
			};
			name = Debug;
		};
		F4F24D1527E86BEB009231CA /* Release */ = {
			isa = XCBuildConfiguration;
			buildSettings = {
				ASSETCATALOG_COMPILER_APPICON_NAME = AppIcon;
				ASSETCATALOG_COMPILER_GLOBAL_ACCENT_COLOR_NAME = AccentColor;
				CODE_SIGN_STYLE = Automatic;
				CURRENT_PROJECT_VERSION = 1;
				DEVELOPMENT_TEAM = 3F2Y7B7Z54;
				GENERATE_INFOPLIST_FILE = YES;
				INFOPLIST_FILE = "TableView Example/Info.plist";
				INFOPLIST_KEY_UIApplicationSupportsIndirectInputEvents = YES;
				INFOPLIST_KEY_UILaunchStoryboardName = LaunchScreen;
				INFOPLIST_KEY_UIMainStoryboardFile = Main;
				INFOPLIST_KEY_UISupportedInterfaceOrientations_iPad = "UIInterfaceOrientationPortrait UIInterfaceOrientationPortraitUpsideDown UIInterfaceOrientationLandscapeLeft UIInterfaceOrientationLandscapeRight";
				INFOPLIST_KEY_UISupportedInterfaceOrientations_iPhone = "UIInterfaceOrientationPortrait UIInterfaceOrientationLandscapeLeft UIInterfaceOrientationLandscapeRight";
				LD_RUNPATH_SEARCH_PATHS = (
					"$(inherited)",
					"@executable_path/Frameworks",
				);
				MARKETING_VERSION = 1.0;
				PRODUCT_BUNDLE_IDENTIFIER = "com.TurkcellGeleceginYazarlari.TableView-Example";
				PRODUCT_NAME = "$(TARGET_NAME)";
				SWIFT_EMIT_LOC_STRINGS = YES;
				SWIFT_VERSION = 5.0;
				TARGETED_DEVICE_FAMILY = "1,2";
			};
			name = Release;
		};
/* End XCBuildConfiguration section */

/* Begin XCConfigurationList section */
		F4F24CFA27E86BEA009231CA /* Build configuration list for PBXProject "TableView Example" */ = {
			isa = XCConfigurationList;
			buildConfigurations = (
				F4F24D1127E86BEB009231CA /* Debug */,
				F4F24D1227E86BEB009231CA /* Release */,
			);
			defaultConfigurationIsVisible = 0;
			defaultConfigurationName = Release;
		};
		F4F24D1327E86BEB009231CA /* Build configuration list for PBXNativeTarget "TableView Example" */ = {
			isa = XCConfigurationList;
			buildConfigurations = (
				F4F24D1427E86BEB009231CA /* Debug */,
				F4F24D1527E86BEB009231CA /* Release */,
			);
			defaultConfigurationIsVisible = 0;
			defaultConfigurationName = Release;
		};
/* End XCConfigurationList section */
	};
	rootObject = F4F24CF727E86BEA009231CA /* Project object */;
}
